// !$*UTF8*$!
{
	archiveVersion = 1;
	classes = {
	};
	objectVersion = 46;
	objects = {

/* Begin PBXBuildFile section */
		959421CC1A1D36C100715E6D /* main.m in Sources */ = {isa = PBXBuildFile; fileRef = 959421CB1A1D36C100715E6D /* main.m */; };
		959421CF1A1D36C100715E6D /* AppDelegate.m in Sources */ = {isa = PBXBuildFile; fileRef = 959421CE1A1D36C100715E6D /* AppDelegate.m */; };
		959421D21A1D36C100715E6D /* FirstViewController.m in Sources */ = {isa = PBXBuildFile; fileRef = 959421D11A1D36C100715E6D /* FirstViewController.m */; };
		959421D51A1D36C100715E6D /* SecondViewController.m in Sources */ = {isa = PBXBuildFile; fileRef = 959421D41A1D36C100715E6D /* SecondViewController.m */; };
		959421D81A1D36C200715E6D /* Main.storyboard in Resources */ = {isa = PBXBuildFile; fileRef = 959421D61A1D36C200715E6D /* Main.storyboard */; };
		959421DA1A1D36C200715E6D /* Images.xcassets in Resources */ = {isa = PBXBuildFile; fileRef = 959421D91A1D36C200715E6D /* Images.xcassets */; };
		959421DD1A1D36C200715E6D /* LaunchScreen.xib in Resources */ = {isa = PBXBuildFile; fileRef = 959421DB1A1D36C200715E6D /* LaunchScreen.xib */; };
		959421E91A1D36C200715E6D /* LightRailTests.m in Sources */ = {isa = PBXBuildFile; fileRef = 959421E81A1D36C200715E6D /* LightRailTests.m */; };
		959421F41A1D416A00715E6D /* StationsListViewController.m in Sources */ = {isa = PBXBuildFile; fileRef = 959421F31A1D416A00715E6D /* StationsListViewController.m */; };
		95E5D8891A1D5FCA00F017C8 /* Stations.m in Sources */ = {isa = PBXBuildFile; fileRef = 95E5D8881A1D5FCA00F017C8 /* Stations.m */; };
		95EA42A81A1D43C100C8CECB /* stops.txt in Resources */ = {isa = PBXBuildFile; fileRef = 95EA42A71A1D43C100C8CECB /* stops.txt */; };
		E1C4EC7D1A1D3D7600000EE7 /* CHCSVParser.m in Sources */ = {isa = PBXBuildFile; fileRef = E1C4EC7C1A1D3D7600000EE7 /* CHCSVParser.m */; };
		E1C4EC801A1D40EF00000EE7 /* StationModel.m in Sources */ = {isa = PBXBuildFile; fileRef = E1C4EC7F1A1D40EF00000EE7 /* StationModel.m */; };
		E535C1E61A2BE4C10080DB20 /* TripModel.m in Sources */ = {isa = PBXBuildFile; fileRef = E535C1E51A2BE4C10080DB20 /* TripModel.m */; };
		E535C1EB1A2BECF00080DB20 /* TripAnalyzer.m in Sources */ = {isa = PBXBuildFile; fileRef = E535C1EA1A2BECF00080DB20 /* TripAnalyzer.m */; };
		E5509CF41A2669480091F6DB /* trips.txt in Resources */ = {isa = PBXBuildFile; fileRef = E5509CF31A2669480091F6DB /* trips.txt */; };
		E588CAC11A227D2B00186E93 /* StationTimes.m in Sources */ = {isa = PBXBuildFile; fileRef = E588CAC01A227D2B00186E93 /* StationTimes.m */; };
		E588CAC31A22801C00186E93 /* stop_times.txt in Resources */ = {isa = PBXBuildFile; fileRef = E588CAC21A22801C00186E93 /* stop_times.txt */; };
		E588CAC61A22818C00186E93 /* StationStopDetails.m in Sources */ = {isa = PBXBuildFile; fileRef = E588CAC51A22818C00186E93 /* StationStopDetails.m */; };
		E588CACF1A22940D00186E93 /* StationDetailsViewController.m in Sources */ = {isa = PBXBuildFile; fileRef = E588CACE1A22940D00186E93 /* StationDetailsViewController.m */; };
		E588CAD31A22956C00186E93 /* Constants.m in Sources */ = {isa = PBXBuildFile; fileRef = E588CAD21A22956C00186E93 /* Constants.m */; };
/* End PBXBuildFile section */

/* Begin PBXContainerItemProxy section */
		959421E31A1D36C200715E6D /* PBXContainerItemProxy */ = {
			isa = PBXContainerItemProxy;
			containerPortal = 959421BE1A1D36C100715E6D /* Project object */;
			proxyType = 1;
			remoteGlobalIDString = 959421C51A1D36C100715E6D;
			remoteInfo = LightRail;
		};
/* End PBXContainerItemProxy section */

/* Begin PBXFileReference section */
		959421C61A1D36C100715E6D /* LightRail.app */ = {isa = PBXFileReference; explicitFileType = wrapper.application; includeInIndex = 0; path = LightRail.app; sourceTree = BUILT_PRODUCTS_DIR; };
		959421CA1A1D36C100715E6D /* Info.plist */ = {isa = PBXFileReference; lastKnownFileType = text.plist.xml; path = Info.plist; sourceTree = "<group>"; };
		959421CB1A1D36C100715E6D /* main.m */ = {isa = PBXFileReference; lastKnownFileType = sourcecode.c.objc; path = main.m; sourceTree = "<group>"; };
		959421CD1A1D36C100715E6D /* AppDelegate.h */ = {isa = PBXFileReference; lastKnownFileType = sourcecode.c.h; path = AppDelegate.h; sourceTree = "<group>"; };
		959421CE1A1D36C100715E6D /* AppDelegate.m */ = {isa = PBXFileReference; lastKnownFileType = sourcecode.c.objc; path = AppDelegate.m; sourceTree = "<group>"; };
		959421D01A1D36C100715E6D /* FirstViewController.h */ = {isa = PBXFileReference; lastKnownFileType = sourcecode.c.h; path = FirstViewController.h; sourceTree = "<group>"; };
		959421D11A1D36C100715E6D /* FirstViewController.m */ = {isa = PBXFileReference; lastKnownFileType = sourcecode.c.objc; path = FirstViewController.m; sourceTree = "<group>"; };
		959421D31A1D36C100715E6D /* SecondViewController.h */ = {isa = PBXFileReference; lastKnownFileType = sourcecode.c.h; path = SecondViewController.h; sourceTree = "<group>"; };
		959421D41A1D36C100715E6D /* SecondViewController.m */ = {isa = PBXFileReference; lastKnownFileType = sourcecode.c.objc; path = SecondViewController.m; sourceTree = "<group>"; };
		959421D71A1D36C200715E6D /* Base */ = {isa = PBXFileReference; lastKnownFileType = file.storyboard; name = Base; path = Base.lproj/Main.storyboard; sourceTree = "<group>"; };
		959421D91A1D36C200715E6D /* Images.xcassets */ = {isa = PBXFileReference; lastKnownFileType = folder.assetcatalog; path = Images.xcassets; sourceTree = "<group>"; };
		959421DC1A1D36C200715E6D /* Base */ = {isa = PBXFileReference; lastKnownFileType = file.xib; name = Base; path = Base.lproj/LaunchScreen.xib; sourceTree = "<group>"; };
		959421E21A1D36C200715E6D /* LightRailTests.xctest */ = {isa = PBXFileReference; explicitFileType = wrapper.cfbundle; includeInIndex = 0; path = LightRailTests.xctest; sourceTree = BUILT_PRODUCTS_DIR; };
		959421E71A1D36C200715E6D /* Info.plist */ = {isa = PBXFileReference; lastKnownFileType = text.plist.xml; path = Info.plist; sourceTree = "<group>"; };
		959421E81A1D36C200715E6D /* LightRailTests.m */ = {isa = PBXFileReference; lastKnownFileType = sourcecode.c.objc; path = LightRailTests.m; sourceTree = "<group>"; };
		959421F21A1D416A00715E6D /* StationsListViewController.h */ = {isa = PBXFileReference; fileEncoding = 4; lastKnownFileType = sourcecode.c.h; path = StationsListViewController.h; sourceTree = "<group>"; };
		959421F31A1D416A00715E6D /* StationsListViewController.m */ = {isa = PBXFileReference; fileEncoding = 4; lastKnownFileType = sourcecode.c.objc; path = StationsListViewController.m; sourceTree = "<group>"; };
		95E5D8871A1D5FCA00F017C8 /* Stations.h */ = {isa = PBXFileReference; fileEncoding = 4; lastKnownFileType = sourcecode.c.h; path = Stations.h; sourceTree = "<group>"; };
		95E5D8881A1D5FCA00F017C8 /* Stations.m */ = {isa = PBXFileReference; fileEncoding = 4; lastKnownFileType = sourcecode.c.objc; path = Stations.m; sourceTree = "<group>"; };
		95EA42A71A1D43C100C8CECB /* stops.txt */ = {isa = PBXFileReference; fileEncoding = 4; lastKnownFileType = text; path = stops.txt; sourceTree = "<group>"; };
		E1C4EC7B1A1D3D7600000EE7 /* CHCSVParser.h */ = {isa = PBXFileReference; fileEncoding = 4; lastKnownFileType = sourcecode.c.h; path = CHCSVParser.h; sourceTree = "<group>"; };
		E1C4EC7C1A1D3D7600000EE7 /* CHCSVParser.m */ = {isa = PBXFileReference; fileEncoding = 4; lastKnownFileType = sourcecode.c.objc; path = CHCSVParser.m; sourceTree = "<group>"; };
		E1C4EC7E1A1D40EF00000EE7 /* StationModel.h */ = {isa = PBXFileReference; fileEncoding = 4; lastKnownFileType = sourcecode.c.h; path = StationModel.h; sourceTree = "<group>"; };
		E1C4EC7F1A1D40EF00000EE7 /* StationModel.m */ = {isa = PBXFileReference; fileEncoding = 4; lastKnownFileType = sourcecode.c.objc; path = StationModel.m; sourceTree = "<group>"; };
		E535C1E41A2BE4C10080DB20 /* TripModel.h */ = {isa = PBXFileReference; fileEncoding = 4; lastKnownFileType = sourcecode.c.h; path = TripModel.h; sourceTree = "<group>"; };
		E535C1E51A2BE4C10080DB20 /* TripModel.m */ = {isa = PBXFileReference; fileEncoding = 4; lastKnownFileType = sourcecode.c.objc; path = TripModel.m; sourceTree = "<group>"; };
		E535C1E91A2BECF00080DB20 /* TripAnalyzer.h */ = {isa = PBXFileReference; fileEncoding = 4; lastKnownFileType = sourcecode.c.h; path = TripAnalyzer.h; sourceTree = "<group>"; };
		E535C1EA1A2BECF00080DB20 /* TripAnalyzer.m */ = {isa = PBXFileReference; fileEncoding = 4; lastKnownFileType = sourcecode.c.objc; path = TripAnalyzer.m; sourceTree = "<group>"; };
		E5509CF31A2669480091F6DB /* trips.txt */ = {isa = PBXFileReference; fileEncoding = 4; lastKnownFileType = text; path = trips.txt; sourceTree = "<group>"; };
		E588CABF1A227D2B00186E93 /* StationTimes.h */ = {isa = PBXFileReference; fileEncoding = 4; lastKnownFileType = sourcecode.c.h; path = StationTimes.h; sourceTree = "<group>"; };
		E588CAC01A227D2B00186E93 /* StationTimes.m */ = {isa = PBXFileReference; fileEncoding = 4; lastKnownFileType = sourcecode.c.objc; path = StationTimes.m; sourceTree = "<group>"; };
		E588CAC21A22801C00186E93 /* stop_times.txt */ = {isa = PBXFileReference; fileEncoding = 4; lastKnownFileType = text; name = stop_times.txt; path = transit_data/stop_times.txt; sourceTree = SOURCE_ROOT; };
		E588CAC41A22818C00186E93 /* StationStopDetails.h */ = {isa = PBXFileReference; fileEncoding = 4; lastKnownFileType = sourcecode.c.h; path = StationStopDetails.h; sourceTree = "<group>"; };
		E588CAC51A22818C00186E93 /* StationStopDetails.m */ = {isa = PBXFileReference; fileEncoding = 4; lastKnownFileType = sourcecode.c.objc; path = StationStopDetails.m; sourceTree = "<group>"; };
		E588CACD1A22940D00186E93 /* StationDetailsViewController.h */ = {isa = PBXFileReference; fileEncoding = 4; lastKnownFileType = sourcecode.c.h; path = StationDetailsViewController.h; sourceTree = "<group>"; };
		E588CACE1A22940D00186E93 /* StationDetailsViewController.m */ = {isa = PBXFileReference; fileEncoding = 4; lastKnownFileType = sourcecode.c.objc; path = StationDetailsViewController.m; sourceTree = "<group>"; };
		E588CAD11A22956C00186E93 /* Constants.h */ = {isa = PBXFileReference; fileEncoding = 4; lastKnownFileType = sourcecode.c.h; path = Constants.h; sourceTree = "<group>"; };
		E588CAD21A22956C00186E93 /* Constants.m */ = {isa = PBXFileReference; fileEncoding = 4; lastKnownFileType = sourcecode.c.objc; path = Constants.m; sourceTree = "<group>"; };
/* End PBXFileReference section */

/* Begin PBXFrameworksBuildPhase section */
		959421C31A1D36C100715E6D /* Frameworks */ = {
			isa = PBXFrameworksBuildPhase;
			buildActionMask = 2147483647;
			files = (
			);
			runOnlyForDeploymentPostprocessing = 0;
		};
		959421DF1A1D36C200715E6D /* Frameworks */ = {
			isa = PBXFrameworksBuildPhase;
			buildActionMask = 2147483647;
			files = (
			);
			runOnlyForDeploymentPostprocessing = 0;
		};
/* End PBXFrameworksBuildPhase section */

/* Begin PBXGroup section */
		959421BD1A1D36C100715E6D = {
			isa = PBXGroup;
			children = (
				959421C81A1D36C100715E6D /* LightRail */,
				959421E51A1D36C200715E6D /* LightRailTests */,
				959421C71A1D36C100715E6D /* Products */,
			);
			sourceTree = "<group>";
		};
		959421C71A1D36C100715E6D /* Products */ = {
			isa = PBXGroup;
			children = (
				959421C61A1D36C100715E6D /* LightRail.app */,
				959421E21A1D36C200715E6D /* LightRailTests.xctest */,
			);
			name = Products;
			sourceTree = "<group>";
		};
		959421C81A1D36C100715E6D /* LightRail */ = {
			isa = PBXGroup;
			children = (
				E588CAD41A22957700186E93 /* Constants */,
				E588CACB1A228E1900186E93 /* View Controllers */,
				E535C1E71A2BE4C80080DB20 /* Trip Information Models */,
				E588CABD1A2279EB00186E93 /* Station Information Models */,
				E588CACA1A228DF100186E93 /* CHCSV Parser */,
				959421CD1A1D36C100715E6D /* AppDelegate.h */,
				959421CE1A1D36C100715E6D /* AppDelegate.m */,
				959421D61A1D36C200715E6D /* Main.storyboard */,
				959421D91A1D36C200715E6D /* Images.xcassets */,
				959421DB1A1D36C200715E6D /* LaunchScreen.xib */,
				959421C91A1D36C100715E6D /* Supporting Files */,
			);
			path = LightRail;
			sourceTree = "<group>";
		};
		959421C91A1D36C100715E6D /* Supporting Files */ = {
			isa = PBXGroup;
			children = (
				E5509CF31A2669480091F6DB /* trips.txt */,
				E588CAC21A22801C00186E93 /* stop_times.txt */,
				95EA42A71A1D43C100C8CECB /* stops.txt */,
				959421CA1A1D36C100715E6D /* Info.plist */,
				959421CB1A1D36C100715E6D /* main.m */,
			);
			name = "Supporting Files";
			sourceTree = "<group>";
		};
		959421E51A1D36C200715E6D /* LightRailTests */ = {
			isa = PBXGroup;
			children = (
				959421E81A1D36C200715E6D /* LightRailTests.m */,
				959421E61A1D36C200715E6D /* Supporting Files */,
			);
			path = LightRailTests;
			sourceTree = "<group>";
		};
		959421E61A1D36C200715E6D /* Supporting Files */ = {
			isa = PBXGroup;
			children = (
				959421E71A1D36C200715E6D /* Info.plist */,
			);
			name = "Supporting Files";
			sourceTree = "<group>";
		};
		E535C1E71A2BE4C80080DB20 /* Trip Information Models */ = {
			isa = PBXGroup;
			children = (
				E535C1E81A2BE4F60080DB20 /* TripModel */,
				E535C1EC1A2BECF90080DB20 /* TripAnalyzer */,
			);
			name = "Trip Information Models";
			sourceTree = "<group>";
		};
		E535C1E81A2BE4F60080DB20 /* TripModel */ = {
			isa = PBXGroup;
			children = (
				E535C1E41A2BE4C10080DB20 /* TripModel.h */,
				E535C1E51A2BE4C10080DB20 /* TripModel.m */,
			);
			name = TripModel;
			sourceTree = "<group>";
		};
		E535C1EC1A2BECF90080DB20 /* TripAnalyzer */ = {
			isa = PBXGroup;
			children = (
				E535C1E91A2BECF00080DB20 /* TripAnalyzer.h */,
				E535C1EA1A2BECF00080DB20 /* TripAnalyzer.m */,
			);
			name = TripAnalyzer;
			sourceTree = "<group>";
		};
		E535C1ED1A2BED120080DB20 /* FirstVC */ = {
			isa = PBXGroup;
			children = (
				959421D01A1D36C100715E6D /* FirstViewController.h */,
				959421D11A1D36C100715E6D /* FirstViewController.m */,
			);
			name = FirstVC;
			sourceTree = "<group>";
		};
		E535C1EE1A2BED1B0080DB20 /* SecondVC */ = {
			isa = PBXGroup;
			children = (
				959421D31A1D36C100715E6D /* SecondViewController.h */,
				959421D41A1D36C100715E6D /* SecondViewController.m */,
			);
			name = SecondVC;
			sourceTree = "<group>";
		};
		E588CABD1A2279EB00186E93 /* Station Information Models */ = {
			isa = PBXGroup;
			children = (
				E588CACC1A228E3300186E93 /* StationModel */,
				E588CAC91A228C2D00186E93 /* Stations */,
				E588CAC81A228C2400186E93 /* StationTimes */,
				E588CAC71A2284F400186E93 /* StationStopDetailsModel */,
			);
			name = "Station Information Models";
			sourceTree = "<group>";
		};
		E588CABE1A2279FE00186E93 /* StationList */ = {
			isa = PBXGroup;
			children = (
				959421F21A1D416A00715E6D /* StationsListViewController.h */,
				959421F31A1D416A00715E6D /* StationsListViewController.m */,
			);
			name = StationList;
			sourceTree = "<group>";
		};
		E588CAC71A2284F400186E93 /* StationStopDetailsModel */ = {
			isa = PBXGroup;
			children = (
				E588CAC41A22818C00186E93 /* StationStopDetails.h */,
				E588CAC51A22818C00186E93 /* StationStopDetails.m */,
			);
			name = StationStopDetailsModel;
			sourceTree = "<group>";
		};
		E588CAC81A228C2400186E93 /* StationTimes */ = {
			isa = PBXGroup;
			children = (
				E588CABF1A227D2B00186E93 /* StationTimes.h */,
				E588CAC01A227D2B00186E93 /* StationTimes.m */,
			);
			name = StationTimes;
			sourceTree = "<group>";
		};
		E588CAC91A228C2D00186E93 /* Stations */ = {
			isa = PBXGroup;
			children = (
				95E5D8871A1D5FCA00F017C8 /* Stations.h */,
				95E5D8881A1D5FCA00F017C8 /* Stations.m */,
			);
			name = Stations;
			sourceTree = "<group>";
		};
		E588CACA1A228DF100186E93 /* CHCSV Parser */ = {
			isa = PBXGroup;
			children = (
				E1C4EC7B1A1D3D7600000EE7 /* CHCSVParser.h */,
				E1C4EC7C1A1D3D7600000EE7 /* CHCSVParser.m */,
			);
			name = "CHCSV Parser";
			sourceTree = "<group>";
		};
		E588CACB1A228E1900186E93 /* View Controllers */ = {
			isa = PBXGroup;
			children = (
				E588CABE1A2279FE00186E93 /* StationList */,
				E535C1ED1A2BED120080DB20 /* FirstVC */,
				E535C1EE1A2BED1B0080DB20 /* SecondVC */,
				E588CAD01A22941700186E93 /* Station Details */,
			);
			name = "View Controllers";
			sourceTree = "<group>";
		};
		E588CACC1A228E3300186E93 /* StationModel */ = {
			isa = PBXGroup;
			children = (
				E1C4EC7E1A1D40EF00000EE7 /* StationModel.h */,
				E1C4EC7F1A1D40EF00000EE7 /* StationModel.m */,
			);
			name = StationModel;
			sourceTree = "<group>";
		};
		E588CAD01A22941700186E93 /* Station Details */ = {
			isa = PBXGroup;
			children = (
				E588CACD1A22940D00186E93 /* StationDetailsViewController.h */,
				E588CACE1A22940D00186E93 /* StationDetailsViewController.m */,
			);
			name = "Station Details";
			sourceTree = "<group>";
		};
		E588CAD41A22957700186E93 /* Constants */ = {
			isa = PBXGroup;
			children = (
				E588CAD11A22956C00186E93 /* Constants.h */,
				E588CAD21A22956C00186E93 /* Constants.m */,
			);
			name = Constants;
			sourceTree = "<group>";
		};
/* End PBXGroup section */

/* Begin PBXNativeTarget section */
		959421C51A1D36C100715E6D /* LightRail */ = {
			isa = PBXNativeTarget;
			buildConfigurationList = 959421EC1A1D36C200715E6D /* Build configuration list for PBXNativeTarget "LightRail" */;
			buildPhases = (
				959421C21A1D36C100715E6D /* Sources */,
				959421C31A1D36C100715E6D /* Frameworks */,
				959421C41A1D36C100715E6D /* Resources */,
			);
			buildRules = (
			);
			dependencies = (
			);
			name = LightRail;
			productName = LightRail;
			productReference = 959421C61A1D36C100715E6D /* LightRail.app */;
			productType = "com.apple.product-type.application";
		};
		959421E11A1D36C200715E6D /* LightRailTests */ = {
			isa = PBXNativeTarget;
			buildConfigurationList = 959421EF1A1D36C200715E6D /* Build configuration list for PBXNativeTarget "LightRailTests" */;
			buildPhases = (
				959421DE1A1D36C200715E6D /* Sources */,
				959421DF1A1D36C200715E6D /* Frameworks */,
				959421E01A1D36C200715E6D /* Resources */,
			);
			buildRules = (
			);
			dependencies = (
				959421E41A1D36C200715E6D /* PBXTargetDependency */,
			);
			name = LightRailTests;
			productName = LightRailTests;
			productReference = 959421E21A1D36C200715E6D /* LightRailTests.xctest */;
			productType = "com.apple.product-type.bundle.unit-test";
		};
/* End PBXNativeTarget section */

/* Begin PBXProject section */
		959421BE1A1D36C100715E6D /* Project object */ = {
			isa = PBXProject;
			attributes = {
				LastUpgradeCheck = 0610;
				ORGANIZATIONNAME = "ASU CSE 494";
				TargetAttributes = {
					959421C51A1D36C100715E6D = {
						CreatedOnToolsVersion = 6.1;
					};
					959421E11A1D36C200715E6D = {
						CreatedOnToolsVersion = 6.1;
						TestTargetID = 959421C51A1D36C100715E6D;
					};
				};
			};
			buildConfigurationList = 959421C11A1D36C100715E6D /* Build configuration list for PBXProject "LightRail" */;
			compatibilityVersion = "Xcode 3.2";
			developmentRegion = English;
			hasScannedForEncodings = 0;
			knownRegions = (
				en,
				Base,
			);
			mainGroup = 959421BD1A1D36C100715E6D;
			productRefGroup = 959421C71A1D36C100715E6D /* Products */;
			projectDirPath = "";
			projectRoot = "";
			targets = (
				959421C51A1D36C100715E6D /* LightRail */,
				959421E11A1D36C200715E6D /* LightRailTests */,
			);
		};
/* End PBXProject section */

/* Begin PBXResourcesBuildPhase section */
		959421C41A1D36C100715E6D /* Resources */ = {
			isa = PBXResourcesBuildPhase;
			buildActionMask = 2147483647;
			files = (
				95EA42A81A1D43C100C8CECB /* stops.txt in Resources */,
				959421D81A1D36C200715E6D /* Main.storyboard in Resources */,
				E588CAC31A22801C00186E93 /* stop_times.txt in Resources */,
				959421DD1A1D36C200715E6D /* LaunchScreen.xib in Resources */,
				959421DA1A1D36C200715E6D /* Images.xcassets in Resources */,
				E5509CF41A2669480091F6DB /* trips.txt in Resources */,
			);
			runOnlyForDeploymentPostprocessing = 0;
		};
		959421E01A1D36C200715E6D /* Resources */ = {
			isa = PBXResourcesBuildPhase;
			buildActionMask = 2147483647;
			files = (
			);
			runOnlyForDeploymentPostprocessing = 0;
		};
/* End PBXResourcesBuildPhase section */

/* Begin PBXSourcesBuildPhase section */
		959421C21A1D36C100715E6D /* Sources */ = {
			isa = PBXSourcesBuildPhase;
			buildActionMask = 2147483647;
			files = (
				E1C4EC801A1D40EF00000EE7 /* StationModel.m in Sources */,
				959421D51A1D36C100715E6D /* SecondViewController.m in Sources */,
				E588CAC61A22818C00186E93 /* StationStopDetails.m in Sources */,
				E588CAC11A227D2B00186E93 /* StationTimes.m in Sources */,
				E535C1E61A2BE4C10080DB20 /* TripModel.m in Sources */,
				95E5D8891A1D5FCA00F017C8 /* Stations.m in Sources */,
				959421CF1A1D36C100715E6D /* AppDelegate.m in Sources */,
				E588CACF1A22940D00186E93 /* StationDetailsViewController.m in Sources */,
				959421D21A1D36C100715E6D /* FirstViewController.m in Sources */,
				959421F41A1D416A00715E6D /* StationsListViewController.m in Sources */,
				E1C4EC7D1A1D3D7600000EE7 /* CHCSVParser.m in Sources */,
				959421CC1A1D36C100715E6D /* main.m in Sources */,
				E535C1EB1A2BECF00080DB20 /* TripAnalyzer.m in Sources */,
				E588CAD31A22956C00186E93 /* Constants.m in Sources */,
			);
			runOnlyForDeploymentPostprocessing = 0;
		};
		959421DE1A1D36C200715E6D /* Sources */ = {
			isa = PBXSourcesBuildPhase;
			buildActionMask = 2147483647;
			files = (
				959421E91A1D36C200715E6D /* LightRailTests.m in Sources */,
			);
			runOnlyForDeploymentPostprocessing = 0;
		};
/* End PBXSourcesBuildPhase section */

/* Begin PBXTargetDependency section */
		959421E41A1D36C200715E6D /* PBXTargetDependency */ = {
			isa = PBXTargetDependency;
			target = 959421C51A1D36C100715E6D /* LightRail */;
			targetProxy = 959421E31A1D36C200715E6D /* PBXContainerItemProxy */;
		};
/* End PBXTargetDependency section */

/* Begin PBXVariantGroup section */
		959421D61A1D36C200715E6D /* Main.storyboard */ = {
			isa = PBXVariantGroup;
			children = (
				959421D71A1D36C200715E6D /* Base */,
			);
			name = Main.storyboard;
			sourceTree = "<group>";
		};
		959421DB1A1D36C200715E6D /* LaunchScreen.xib */ = {
			isa = PBXVariantGroup;
			children = (
				959421DC1A1D36C200715E6D /* Base */,
			);
			name = LaunchScreen.xib;
			sourceTree = "<group>";
		};
/* End PBXVariantGroup section */

/* Begin XCBuildConfiguration section */
		959421EA1A1D36C200715E6D /* Debug */ = {
			isa = XCBuildConfiguration;
			buildSettings = {
				ALWAYS_SEARCH_USER_PATHS = NO;
				CLANG_CXX_LANGUAGE_STANDARD = "gnu++0x";
				CLANG_CXX_LIBRARY = "libc++";
				CLANG_ENABLE_MODULES = YES;
				CLANG_ENABLE_OBJC_ARC = YES;
				CLANG_WARN_BOOL_CONVERSION = YES;
				CLANG_WARN_CONSTANT_CONVERSION = YES;
				CLANG_WARN_DIRECT_OBJC_ISA_USAGE = YES_ERROR;
				CLANG_WARN_EMPTY_BODY = YES;
				CLANG_WARN_ENUM_CONVERSION = YES;
				CLANG_WARN_INT_CONVERSION = YES;
				CLANG_WARN_OBJC_ROOT_CLASS = YES_ERROR;
				CLANG_WARN_UNREACHABLE_CODE = YES;
				CLANG_WARN__DUPLICATE_METHOD_MATCH = YES;
				"CODE_SIGN_IDENTITY[sdk=iphoneos*]" = "iPhone Developer";
				COPY_PHASE_STRIP = NO;
				ENABLE_STRICT_OBJC_MSGSEND = YES;
				GCC_C_LANGUAGE_STANDARD = gnu99;
				GCC_DYNAMIC_NO_PIC = NO;
				GCC_OPTIMIZATION_LEVEL = 0;
				GCC_PREPROCESSOR_DEFINITIONS = (
					"DEBUG=1",
					"$(inherited)",
				);
				GCC_SYMBOLS_PRIVATE_EXTERN = NO;
				GCC_WARN_64_TO_32_BIT_CONVERSION = YES;
				GCC_WARN_ABOUT_RETURN_TYPE = YES_ERROR;
				GCC_WARN_UNDECLARED_SELECTOR = YES;
				GCC_WARN_UNINITIALIZED_AUTOS = YES_AGGRESSIVE;
				GCC_WARN_UNUSED_FUNCTION = YES;
				GCC_WARN_UNUSED_VARIABLE = YES;
				IPHONEOS_DEPLOYMENT_TARGET = 8.1;
				MTL_ENABLE_DEBUG_INFO = YES;
				ONLY_ACTIVE_ARCH = YES;
				SDKROOT = iphoneos;
			};
			name = Debug;
		};
		959421EB1A1D36C200715E6D /* Release */ = {
			isa = XCBuildConfiguration;
			buildSettings = {
				ALWAYS_SEARCH_USER_PATHS = NO;
				CLANG_CXX_LANGUAGE_STANDARD = "gnu++0x";
				CLANG_CXX_LIBRARY = "libc++";
				CLANG_ENABLE_MODULES = YES;
				CLANG_ENABLE_OBJC_ARC = YES;
				CLANG_WARN_BOOL_CONVERSION = YES;
				CLANG_WARN_CONSTANT_CONVERSION = YES;
				CLANG_WARN_DIRECT_OBJC_ISA_USAGE = YES_ERROR;
				CLANG_WARN_EMPTY_BODY = YES;
				CLANG_WARN_ENUM_CONVERSION = YES;
				CLANG_WARN_INT_CONVERSION = YES;
				CLANG_WARN_OBJC_ROOT_CLASS = YES_ERROR;
				CLANG_WARN_UNREACHABLE_CODE = YES;
				CLANG_WARN__DUPLICATE_METHOD_MATCH = YES;
				"CODE_SIGN_IDENTITY[sdk=iphoneos*]" = "iPhone Developer";
				COPY_PHASE_STRIP = YES;
				ENABLE_NS_ASSERTIONS = NO;
				ENABLE_STRICT_OBJC_MSGSEND = YES;
				GCC_C_LANGUAGE_STANDARD = gnu99;
				GCC_WARN_64_TO_32_BIT_CONVERSION = YES;
				GCC_WARN_ABOUT_RETURN_TYPE = YES_ERROR;
				GCC_WARN_UNDECLARED_SELECTOR = YES;
				GCC_WARN_UNINITIALIZED_AUTOS = YES_AGGRESSIVE;
				GCC_WARN_UNUSED_FUNCTION = YES;
				GCC_WARN_UNUSED_VARIABLE = YES;
				IPHONEOS_DEPLOYMENT_TARGET = 8.1;
				MTL_ENABLE_DEBUG_INFO = NO;
				SDKROOT = iphoneos;
				VALIDATE_PRODUCT = YES;
			};
			name = Release;
		};
		959421ED1A1D36C200715E6D /* Debug */ = {
			isa = XCBuildConfiguration;
			buildSettings = {
				ASSETCATALOG_COMPILER_APPICON_NAME = AppIcon;
				INFOPLIST_FILE = LightRail/Info.plist;
				LD_RUNPATH_SEARCH_PATHS = "$(inherited) @executable_path/Frameworks";
				PRODUCT_NAME = "$(TARGET_NAME)";
			};
			name = Debug;
		};
		959421EE1A1D36C200715E6D /* Release */ = {
			isa = XCBuildConfiguration;
			buildSettings = {
				ASSETCATALOG_COMPILER_APPICON_NAME = AppIcon;
				INFOPLIST_FILE = LightRail/Info.plist;
				LD_RUNPATH_SEARCH_PATHS = "$(inherited) @executable_path/Frameworks";
				PRODUCT_NAME = "$(TARGET_NAME)";
			};
			name = Release;
		};
		959421F01A1D36C200715E6D /* Debug */ = {
			isa = XCBuildConfiguration;
			buildSettings = {
				BUNDLE_LOADER = "$(TEST_HOST)";
				FRAMEWORK_SEARCH_PATHS = (
					"$(SDKROOT)/Developer/Library/Frameworks",
					"$(inherited)",
				);
				GCC_PREPROCESSOR_DEFINITIONS = (
					"DEBUG=1",
					"$(inherited)",
				);
				INFOPLIST_FILE = LightRailTests/Info.plist;
				LD_RUNPATH_SEARCH_PATHS = "$(inherited) @executable_path/Frameworks @loader_path/Frameworks";
				PRODUCT_NAME = "$(TARGET_NAME)";
				TEST_HOST = "$(BUILT_PRODUCTS_DIR)/LightRail.app/LightRail";
			};
			name = Debug;
		};
		959421F11A1D36C200715E6D /* Release */ = {
			isa = XCBuildConfiguration;
			buildSettings = {
				BUNDLE_LOADER = "$(TEST_HOST)";
				FRAMEWORK_SEARCH_PATHS = (
					"$(SDKROOT)/Developer/Library/Frameworks",
					"$(inherited)",
				);
				INFOPLIST_FILE = LightRailTests/Info.plist;
				LD_RUNPATH_SEARCH_PATHS = "$(inherited) @executable_path/Frameworks @loader_path/Frameworks";
				PRODUCT_NAME = "$(TARGET_NAME)";
				TEST_HOST = "$(BUILT_PRODUCTS_DIR)/LightRail.app/LightRail";
			};
			name = Release;
		};
/* End XCBuildConfiguration section */

/* Begin XCConfigurationList section */
		959421C11A1D36C100715E6D /* Build configuration list for PBXProject "LightRail" */ = {
			isa = XCConfigurationList;
			buildConfigurations = (
				959421EA1A1D36C200715E6D /* Debug */,
				959421EB1A1D36C200715E6D /* Release */,
			);
			defaultConfigurationIsVisible = 0;
			defaultConfigurationName = Release;
		};
		959421EC1A1D36C200715E6D /* Build configuration list for PBXNativeTarget "LightRail" */ = {
			isa = XCConfigurationList;
			buildConfigurations = (
				959421ED1A1D36C200715E6D /* Debug */,
				959421EE1A1D36C200715E6D /* Release */,
			);
			defaultConfigurationIsVisible = 0;
			defaultConfigurationName = Release;
		};
		959421EF1A1D36C200715E6D /* Build configuration list for PBXNativeTarget "LightRailTests" */ = {
			isa = XCConfigurationList;
			buildConfigurations = (
				959421F01A1D36C200715E6D /* Debug */,
				959421F11A1D36C200715E6D /* Release */,
			);
			defaultConfigurationIsVisible = 0;
			defaultConfigurationName = Release;
		};
/* End XCConfigurationList section */
	};
	rootObject = 959421BE1A1D36C100715E6D /* Project object */;
}
